
Microsoft Visual Studio Solution File, Format Version 12.00
# Visual Studio Version 17
VisualStudioVersion = 17.0.31512.422
MinimumVisualStudioVersion = 10.0.40219.1
Project("{2150E333-8FDC-42A3-9474-1A3956D46DE8}") = "Solution Items", "Solution Items", "{85A251E6-E0B0-4CEC-9D0A-A4EBC2552C7A}"
	ProjectSection(SolutionItems) = preProject
		.editorconfig = .editorconfig
	EndProjectSection
EndProject
Project("{FAE04EC0-301F-11D3-BF4B-00C04F79EFBC}") = "SuperSocket.Server.AspNetCore", "SuperSocket.Server.AspNetCore\SuperSocket.Server.AspNetCore.csproj", "{E9176211-E877-4B30-8BAF-CC407D668BEB}"
EndProject
Project("{9A19103F-16F7-4668-BE54-9A1E7A4F7556}") = "TcpDemo", "TcpDemo\TcpDemo.csproj", "{C3294B63-F26E-4FFB-8BAD-DFDFF7CB124D}"
EndProject
Project("{FAE04EC0-301F-11D3-BF4B-00C04F79EFBC}") = "WebSocketDemo", "WebSocketDemo\WebSocketDemo.csproj", "{EBCF44EA-379A-41C7-938B-83E9BAC277BE}"
EndProject
Global
	GlobalSection(SolutionConfigurationPlatforms) = preSolution
		Debug|Any CPU = Debug|Any CPU
		Release|Any CPU = Release|Any CPU
	EndGlobalSection
	GlobalSection(ProjectConfigurationPlatforms) = postSolution
		{E9176211-E877-4B30-8BAF-CC407D668BEB}.Debug|Any CPU.ActiveCfg = Debug|Any CPU
		{E9176211-E877-4B30-8BAF-CC407D668BEB}.Debug|Any CPU.Build.0 = Debug|Any CPU
		{E9176211-E877-4B30-8BAF-CC407D668BEB}.Release|Any CPU.ActiveCfg = Release|Any CPU
		{E9176211-E877-4B30-8BAF-CC407D668BEB}.Release|Any CPU.Build.0 = Release|Any CPU
		{C3294B63-F26E-4FFB-8BAD-DFDFF7CB124D}.Debug|Any CPU.ActiveCfg = Debug|Any CPU
		{C3294B63-F26E-4FFB-8BAD-DFDFF7CB124D}.Debug|Any CPU.Build.0 = Debug|Any CPU
		{C3294B63-F26E-4FFB-8BAD-DFDFF7CB124D}.Release|Any CPU.ActiveCfg = Release|Any CPU
		{C3294B63-F26E-4FFB-8BAD-DFDFF7CB124D}.Release|Any CPU.Build.0 = Release|Any CPU
		{EBCF44EA-379A-41C7-938B-83E9BAC277BE}.Debug|Any CPU.ActiveCfg = Debug|Any CPU
		{EBCF44EA-379A-41C7-938B-83E9BAC277BE}.Debug|Any CPU.Build.0 = Debug|Any CPU
		{EBCF44EA-379A-41C7-938B-83E9BAC277BE}.Release|Any CPU.ActiveCfg = Release|Any CPU
		{EBCF44EA-379A-41C7-938B-83E9BAC277BE}.Release|Any CPU.Build.0 = Release|Any CPU
	EndGlobalSection
	GlobalSection(SolutionProperties) = preSolution
		HideSolutionNode = FALSE
	EndGlobalSection
	GlobalSection(ExtensibilityGlobals) = postSolution
		SolutionGuid = {75E0878E-71E9-4C9B-8509-FD5D5B280CB7}
	EndGlobalSection
EndGlobal
